// !$*UTF8*$!
{
	archiveVersion = 1;
	classes = {
	};
	objectVersion = 46;
	objects = {

/* Begin PBXBuildFile section */
		C36433C615E4D63C00ADDE86 /* UIKit.framework in Frameworks */ = {isa = PBXBuildFile; fileRef = C36433C515E4D63C00ADDE86 /* UIKit.framework */; };
		C36433C815E4D63C00ADDE86 /* Foundation.framework in Frameworks */ = {isa = PBXBuildFile; fileRef = C36433C715E4D63C00ADDE86 /* Foundation.framework */; };
		C36433CA15E4D63C00ADDE86 /* CoreGraphics.framework in Frameworks */ = {isa = PBXBuildFile; fileRef = C36433C915E4D63C00ADDE86 /* CoreGraphics.framework */; };
		C36433D015E4D63C00ADDE86 /* InfoPlist.strings in Resources */ = {isa = PBXBuildFile; fileRef = C36433CE15E4D63C00ADDE86 /* InfoPlist.strings */; };
		C36433D215E4D63C00ADDE86 /* main.m in Sources */ = {isa = PBXBuildFile; fileRef = C36433D115E4D63C00ADDE86 /* main.m */; };
		C36433D615E4D63C00ADDE86 /* AppDelegate.m in Sources */ = {isa = PBXBuildFile; fileRef = C36433D515E4D63C00ADDE86 /* AppDelegate.m */; };
		C36433D915E4D63C00ADDE86 /* MainStoryboard.storyboard in Resources */ = {isa = PBXBuildFile; fileRef = C36433D715E4D63C00ADDE86 /* MainStoryboard.storyboard */; };
		C36433DC15E4D63C00ADDE86 /* ViewController.m in Sources */ = {isa = PBXBuildFile; fileRef = C36433DB15E4D63C00ADDE86 /* ViewController.m */; };
/* End PBXBuildFile section */

/* Begin PBXFileReference section */
		C36433C115E4D63C00ADDE86 /* 6-lesson-NotificationCenter-StoryBoard.app */ = {isa = PBXFileReference; explicitFileType = wrapper.application; includeInIndex = 0; path = "6-lesson-NotificationCenter-StoryBoard.app"; sourceTree = BUILT_PRODUCTS_DIR; };
		C36433C515E4D63C00ADDE86 /* UIKit.framework */ = {isa = PBXFileReference; lastKnownFileType = wrapper.framework; name = UIKit.framework; path = System/Library/Frameworks/UIKit.framework; sourceTree = SDKROOT; };
		C36433C715E4D63C00ADDE86 /* Foundation.framework */ = {isa = PBXFileReference; lastKnownFileType = wrapper.framework; name = Foundation.framework; path = System/Library/Frameworks/Foundation.framework; sourceTree = SDKROOT; };
		C36433C915E4D63C00ADDE86 /* CoreGraphics.framework */ = {isa = PBXFileReference; lastKnownFileType = wrapper.framework; name = CoreGraphics.framework; path = System/Library/Frameworks/CoreGraphics.framework; sourceTree = SDKROOT; };
		C36433CD15E4D63C00ADDE86 /* 6-lesson-NotificationCenter-StoryBoard-Info.plist */ = {isa = PBXFileReference; lastKnownFileType = text.plist.xml; path = "6-lesson-NotificationCenter-StoryBoard-Info.plist"; sourceTree = "<group>"; };
		C36433CF15E4D63C00ADDE86 /* en */ = {isa = PBXFileReference; lastKnownFileType = text.plist.strings; name = en; path = en.lproj/InfoPlist.strings; sourceTree = "<group>"; };
		C36433D115E4D63C00ADDE86 /* main.m */ = {isa = PBXFileReference; lastKnownFileType = sourcecode.c.objc; path = main.m; sourceTree = "<group>"; };
		C36433D315E4D63C00ADDE86 /* 6-lesson-NotificationCenter-StoryBoard-Prefix.pch */ = {isa = PBXFileReference; lastKnownFileType = sourcecode.c.h; path = "6-lesson-NotificationCenter-StoryBoard-Prefix.pch"; sourceTree = "<group>"; };
		C36433D415E4D63C00ADDE86 /* AppDelegate.h */ = {isa = PBXFileReference; lastKnownFileType = sourcecode.c.h; path = AppDelegate.h; sourceTree = "<group>"; };
		C36433D515E4D63C00ADDE86 /* AppDelegate.m */ = {isa = PBXFileReference; lastKnownFileType = sourcecode.c.objc; path = AppDelegate.m; sourceTree = "<group>"; };
		C36433D815E4D63C00ADDE86 /* en */ = {isa = PBXFileReference; lastKnownFileType = file.storyboard; name = en; path = en.lproj/MainStoryboard.storyboard; sourceTree = "<group>"; };
		C36433DA15E4D63C00ADDE86 /* ViewController.h */ = {isa = PBXFileReference; lastKnownFileType = sourcecode.c.h; path = ViewController.h; sourceTree = "<group>"; };
		C36433DB15E4D63C00ADDE86 /* ViewController.m */ = {isa = PBXFileReference; lastKnownFileType = sourcecode.c.objc; path = ViewController.m; sourceTree = "<group>"; };
/* End PBXFileReference section */

/* Begin PBXFrameworksBuildPhase section */
		C36433BE15E4D63C00ADDE86 /* Frameworks */ = {
			isa = PBXFrameworksBuildPhase;
			buildActionMask = 2147483647;
			files = (
				C36433C615E4D63C00ADDE86 /* UIKit.framework in Frameworks */,
				C36433C815E4D63C00ADDE86 /* Foundation.framework in Frameworks */,
				C36433CA15E4D63C00ADDE86 /* CoreGraphics.framework in Frameworks */,
			);
			runOnlyForDeploymentPostprocessing = 0;
		};
/* End PBXFrameworksBuildPhase section */

/* Begin PBXGroup section */
		C36433B615E4D63B00ADDE86 = {
			isa = PBXGroup;
			children = (
				C36433CB15E4D63C00ADDE86 /* 6-lesson-NotificationCenter-StoryBoard */,
				C36433C415E4D63C00ADDE86 /* Frameworks */,
				C36433C215E4D63C00ADDE86 /* Products */,
			);
			sourceTree = "<group>";
		};
		C36433C215E4D63C00ADDE86 /* Products */ = {
			isa = PBXGroup;
			children = (
				C36433C115E4D63C00ADDE86 /* 6-lesson-NotificationCenter-StoryBoard.app */,
			);
			name = Products;
			sourceTree = "<group>";
		};
		C36433C415E4D63C00ADDE86 /* Frameworks */ = {
			isa = PBXGroup;
			children = (
				C36433C515E4D63C00ADDE86 /* UIKit.framework */,
				C36433C715E4D63C00ADDE86 /* Foundation.framework */,
				C36433C915E4D63C00ADDE86 /* CoreGraphics.framework */,
			);
			name = Frameworks;
			sourceTree = "<group>";
		};
		C36433CB15E4D63C00ADDE86 /* 6-lesson-NotificationCenter-StoryBoard */ = {
			isa = PBXGroup;
			children = (
				C36433D415E4D63C00ADDE86 /* AppDelegate.h */,
				C36433D515E4D63C00ADDE86 /* AppDelegate.m */,
				C36433D715E4D63C00ADDE86 /* MainStoryboard.storyboard */,
				C36433DA15E4D63C00ADDE86 /* ViewController.h */,
				C36433DB15E4D63C00ADDE86 /* ViewController.m */,
				C36433CC15E4D63C00ADDE86 /* Supporting Files */,
			);
			path = "6-lesson-NotificationCenter-StoryBoard";
			sourceTree = "<group>";
		};
		C36433CC15E4D63C00ADDE86 /* Supporting Files */ = {
			isa = PBXGroup;
			children = (
				C36433CD15E4D63C00ADDE86 /* 6-lesson-NotificationCenter-StoryBoard-Info.plist */,
				C36433CE15E4D63C00ADDE86 /* InfoPlist.strings */,
				C36433D115E4D63C00ADDE86 /* main.m */,
				C36433D315E4D63C00ADDE86 /* 6-lesson-NotificationCenter-StoryBoard-Prefix.pch */,
			);
			name = "Supporting Files";
			sourceTree = "<group>";
		};
/* End PBXGroup section */

/* Begin PBXNativeTarget section */
		C36433C015E4D63C00ADDE86 /* 6-lesson-NotificationCenter-StoryBoard */ = {
			isa = PBXNativeTarget;
			buildConfigurationList = C36433DF15E4D63C00ADDE86 /* Build configuration list for PBXNativeTarget "6-lesson-NotificationCenter-StoryBoard" */;
			buildPhases = (
				C36433BD15E4D63C00ADDE86 /* Sources */,
				C36433BE15E4D63C00ADDE86 /* Frameworks */,
				C36433BF15E4D63C00ADDE86 /* Resources */,
			);
			buildRules = (
			);
			dependencies = (
			);
			name = "6-lesson-NotificationCenter-StoryBoard";
			productName = "6-lesson-NotificationCenter-StoryBoard";
			productReference = C36433C115E4D63C00ADDE86 /* 6-lesson-NotificationCenter-StoryBoard.app */;
			productType = "com.apple.product-type.application";
		};
/* End PBXNativeTarget section */

/* Begin PBXProject section */
		C36433B815E4D63B00ADDE86 /* Project object */ = {
			isa = PBXProject;
			attributes = {
				LastUpgradeCheck = 0420;
			};
			buildConfigurationList = C36433BB15E4D63B00ADDE86 /* Build configuration list for PBXProject "6-lesson-NotificationCenter-StoryBoard" */;
			compatibilityVersion = "Xcode 3.2";
			developmentRegion = English;
			hasScannedForEncodings = 0;
			knownRegions = (
				en,
			);
			mainGroup = C36433B615E4D63B00ADDE86;
			productRefGroup = C36433C215E4D63C00ADDE86 /* Products */;
			projectDirPath = "";
			projectRoot = "";
			targets = (
				C36433C015E4D63C00ADDE86 /* 6-lesson-NotificationCenter-StoryBoard */,
			);
		};
/* End PBXProject section */

/* Begin PBXResourcesBuildPhase section */
		C36433BF15E4D63C00ADDE86 /* Resources */ = {
			isa = PBXResourcesBuildPhase;
			buildActionMask = 2147483647;
			files = (
				C36433D015E4D63C00ADDE86 /* InfoPlist.strings in Resources */,
				C36433D915E4D63C00ADDE86 /* MainStoryboard.storyboard in Resources */,
			);
			runOnlyForDeploymentPostprocessing = 0;
		};
/* End PBXResourcesBuildPhase section */

/* Begin PBXSourcesBuildPhase section */
		C36433BD15E4D63C00ADDE86 /* Sources */ = {
			isa = PBXSourcesBuildPhase;
			buildActionMask = 2147483647;
			files = (
				C36433D215E4D63C00ADDE86 /* main.m in Sources */,
				C36433D615E4D63C00ADDE86 /* AppDelegate.m in Sources */,
				C36433DC15E4D63C00ADDE86 /* ViewController.m in Sources */,
			);
			runOnlyForDeploymentPostprocessing = 0;
		};
/* End PBXSourcesBuildPhase section */

/* Begin PBXVariantGroup section */
		C36433CE15E4D63C00ADDE86 /* InfoPlist.strings */ = {
			isa = PBXVariantGroup;
			children = (
				C36433CF15E4D63C00ADDE86 /* en */,
			);
			name = InfoPlist.strings;
			sourceTree = "<group>";
		};
		C36433D715E4D63C00ADDE86 /* MainStoryboard.storyboard */ = {
			isa = PBXVariantGroup;
			children = (
				C36433D815E4D63C00ADDE86 /* en */,
			);
			name = MainStoryboard.storyboard;
			sourceTree = "<group>";
		};
/* End PBXVariantGroup section */

/* Begin XCBuildConfiguration section */
		C36433DD15E4D63C00ADDE86 /* Debug */ = {
			isa = XCBuildConfiguration;
			buildSettings = {
				ALWAYS_SEARCH_USER_PATHS = NO;
				ARCHS = "$(ARCHS_STANDARD_32_BIT)";
				CLANG_ENABLE_OBJC_ARC = YES;
				"CODE_SIGN_IDENTITY[sdk=iphoneos*]" = "iPhone Developer";
				COPY_PHASE_STRIP = NO;
				GCC_C_LANGUAGE_STANDARD = gnu99;
				GCC_DYNAMIC_NO_PIC = NO;
				GCC_OPTIMIZATION_LEVEL = 0;
				GCC_PREPROCESSOR_DEFINITIONS = (
					"DEBUG=1",
					"$(inherited)",
				);
				GCC_SYMBOLS_PRIVATE_EXTERN = NO;
				GCC_VERSION = com.apple.compilers.llvm.clang.1_0;
				GCC_WARN_ABOUT_MISSING_PROTOTYPES = YES;
				GCC_WARN_ABOUT_RETURN_TYPE = YES;
				GCC_WARN_UNUSED_VARIABLE = YES;
				IPHONEOS_DEPLOYMENT_TARGET = 5.0;
				SDKROOT = iphoneos;
			};
			name = Debug;
		};
		C36433DE15E4D63C00ADDE86 /* Release */ = {
			isa = XCBuildConfiguration;
			buildSettings = {
				ALWAYS_SEARCH_USER_PATHS = NO;
				ARCHS = "$(ARCHS_STANDARD_32_BIT)";
				CLANG_ENABLE_OBJC_ARC = YES;
				"CODE_SIGN_IDENTITY[sdk=iphoneos*]" = "iPhone Developer";
				COPY_PHASE_STRIP = YES;
				GCC_C_LANGUAGE_STANDARD = gnu99;
				GCC_VERSION = com.apple.compilers.llvm.clang.1_0;
				GCC_WARN_ABOUT_MISSING_PROTOTYPES = YES;
				GCC_WARN_ABOUT_RETURN_TYPE = YES;
				GCC_WARN_UNUSED_VARIABLE = YES;
				IPHONEOS_DEPLOYMENT_TARGET = 5.0;
				OTHER_CFLAGS = "-DNS_BLOCK_ASSERTIONS=1";
				SDKROOT = iphoneos;
				VALIDATE_PRODUCT = YES;
			};
			name = Release;
		};
		C36433E015E4D63C00ADDE86 /* Debug */ = {
			isa = XCBuildConfiguration;
			buildSettings = {
				GCC_PRECOMPILE_PREFIX_HEADER = YES;
				GCC_PREFIX_HEADER = "6-lesson-NotificationCenter-StoryBoard/6-lesson-NotificationCenter-StoryBoard-Prefix.pch";
				INFOPLIST_FILE = "6-lesson-NotificationCenter-StoryBoard/6-lesson-NotificationCenter-StoryBoard-Info.plist";
				PRODUCT_NAME = "$(TARGET_NAME)";
				WRAPPER_EXTENSION = app;
			};
			name = Debug;
		};
		C36433E115E4D63C00ADDE86 /* Release */ = {
			isa = XCBuildConfiguration;
			buildSettings = {
				GCC_PRECOMPILE_PREFIX_HEADER = YES;
				GCC_PREFIX_HEADER = "6-lesson-NotificationCenter-StoryBoard/6-lesson-NotificationCenter-StoryBoard-Prefix.pch";
				INFOPLIST_FILE = "6-lesson-NotificationCenter-StoryBoard/6-lesson-NotificationCenter-StoryBoard-Info.plist";
				PRODUCT_NAME = "$(TARGET_NAME)";
				WRAPPER_EXTENSION = app;
			};
			name = Release;
		};
/* End XCBuildConfiguration section */

/* Begin XCConfigurationList section */
		C36433BB15E4D63B00ADDE86 /* Build configuration list for PBXProject "6-lesson-NotificationCenter-StoryBoard" */ = {
			isa = XCConfigurationList;
			buildConfigurations = (
				C36433DD15E4D63C00ADDE86 /* Debug */,
				C36433DE15E4D63C00ADDE86 /* Release */,
			);
			defaultConfigurationIsVisible = 0;
			defaultConfigurationName = Release;
		};
		C36433DF15E4D63C00ADDE86 /* Build configuration list for PBXNativeTarget "6-lesson-NotificationCenter-StoryBoard" */ = {
			isa = XCConfigurationList;
			buildConfigurations = (
				C36433E015E4D63C00ADDE86 /* Debug */,
				C36433E115E4D63C00ADDE86 /* Release */,
			);
			defaultConfigurationIsVisible = 0;
		};
/* End XCConfigurationList section */
	};
	rootObject = C36433B815E4D63B00ADDE86 /* Project object */;
}
